
Microsoft Visual Studio Solution File, Format Version 12.00
# Visual Studio Version 16
VisualStudioVersion = 16.0.30320.27
MinimumVisualStudioVersion = 10.0.40219.1
Project("{8BC9CEB8-8B4A-11D0-8D11-00A0C91BC942}") = "Secp256k1Curve", "Secp256k1Curve\Secp256k1Curve.vcxproj", "{838CC43B-1255-4D7F-9FEF-0A899D651E72}"
EndProject
Global
	GlobalSection(SolutionConfigurationPlatforms) = preSolution
		Debug|x64 = Debug|x64
		Debug|x86 = Debug|x86
		Release|x64 = Release|x64
		Release|x86 = Release|x86
	EndGlobalSection
	GlobalSection(ProjectConfigurationPlatforms) = postSolution
		{838CC43B-1255-4D7F-9FEF-0A899D651E72}.Debug|x64.ActiveCfg = Debug|x64
		{838CC43B-1255-4D7F-9FEF-0A899D651E72}.Debug|x64.Build.0 = Debug|x64
		{838CC43B-1255-4D7F-9FEF-0A899D651E72}.Debug|x86.ActiveCfg = Debug|Win32
		{838CC43B-1255-4D7F-9FEF-0A899D651E72}.Debug|x86.Build.0 = Debug|Win32
		{838CC43B-1255-4D7F-9FEF-0A899D651E72}.Release|x64.ActiveCfg = Release|x64
		{838CC43B-1255-4D7F-9FEF-0A899D651E72}.Release|x64.Build.0 = Release|x64
		{838CC43B-1255-4D7F-9FEF-0A899D651E72}.Release|x86.ActiveCfg = Release|Win32
		{838CC43B-1255-4D7F-9FEF-0A899D651E72}.Release|x86.Build.0 = Release|Win32
	EndGlobalSection
	GlobalSection(SolutionProperties) = preSolution
		HideSolutionNode = FALSE
	EndGlobalSection
	GlobalSection(ExtensibilityGlobals) = postSolution
		SolutionGuid = {26B3623C-827B-48E5-BC09-F025471E1C58}
	EndGlobalSection
EndGlobal
